
Microsoft Visual Studio Solution File, Format Version 12.00
# Visual Studio Version 16
VisualStudioVersion = 16.0.31702.278
MinimumVisualStudioVersion = 10.0.40219.1
Project("{8BC9CEB8-8B4A-11D0-8D11-00A0C91BC942}") = "AbstractDataStructures", "AbstractDataStructures.vcxproj", "{FF289427-15A1-46B1-97EB-AF290E2B7BDF}"
EndProject
Global
	GlobalSection(SolutionConfigurationPlatforms) = preSolution
		Debug|x64 = Debug|x64
		Debug|x86 = Debug|x86
		Release|x64 = Release|x64
		Release|x86 = Release|x86
	EndGlobalSection
	GlobalSection(ProjectConfigurationPlatforms) = postSolution
		{FF289427-15A1-46B1-97EB-AF290E2B7BDF}.Debug|x64.ActiveCfg = Debug|x64
		{FF289427-15A1-46B1-97EB-AF290E2B7BDF}.Debug|x64.Build.0 = Debug|x64
		{FF289427-15A1-46B1-97EB-AF290E2B7BDF}.Debug|x86.ActiveCfg = Debug|Win32
		{FF289427-15A1-46B1-97EB-AF290E2B7BDF}.Debug|x86.Build.0 = Debug|Win32
		{FF289427-15A1-46B1-97EB-AF290E2B7BDF}.Release|x64.ActiveCfg = Release|x64
		{FF289427-15A1-46B1-97EB-AF290E2B7BDF}.Release|x64.Build.0 = Release|x64
		{FF289427-15A1-46B1-97EB-AF290E2B7BDF}.Release|x86.ActiveCfg = Release|Win32
		{FF289427-15A1-46B1-97EB-AF290E2B7BDF}.Release|x86.Build.0 = Release|Win32
	EndGlobalSection
	GlobalSection(SolutionProperties) = preSolution
		HideSolutionNode = FALSE
	EndGlobalSection
	GlobalSection(ExtensibilityGlobals) = postSolution
		SolutionGuid = {C5B52217-7303-48AA-BD2A-B4AF8D1A647D}
	EndGlobalSection
EndGlobal
